// !$*UTF8*$!
{
	archiveVersion = 1;
	classes = {
	};
	objectVersion = 56;
	objects = {

/* Begin PBXBuildFile section */
		437442812A4A147200834650 /* GuestCollectionViewCell.swift in Sources */ = {isa = PBXBuildFile; fileRef = 437442802A4A147200834650 /* GuestCollectionViewCell.swift */; };
		4388DA4C2A464B9F003A9791 /* APIManager.swift in Sources */ = {isa = PBXBuildFile; fileRef = 4388DA4B2A464B9F003A9791 /* APIManager.swift */; };
		4388DA4F2A464E16003A9791 /* Serie.swift in Sources */ = {isa = PBXBuildFile; fileRef = 4388DA4E2A464E16003A9791 /* Serie.swift */; };
		4388DA562A46A238003A9791 /* SeriesCollectionViewController.swift in Sources */ = {isa = PBXBuildFile; fileRef = 4388DA552A46A238003A9791 /* SeriesCollectionViewController.swift */; };
		43C58CDE2A4750CF00B1741F /* SerieCollectionViewCell.swift in Sources */ = {isa = PBXBuildFile; fileRef = 43C58CDD2A4750CF00B1741F /* SerieCollectionViewCell.swift */; };
		43C58CEE2A47FFB000B1741F /* Season.swift in Sources */ = {isa = PBXBuildFile; fileRef = 43C58CED2A47FFB000B1741F /* Season.swift */; };
		43C58CF02A47FFC700B1741F /* Episode.swift in Sources */ = {isa = PBXBuildFile; fileRef = 43C58CEF2A47FFC700B1741F /* Episode.swift */; };
		43C58CF22A48013A00B1741F /* SerieDetailViewController.swift in Sources */ = {isa = PBXBuildFile; fileRef = 43C58CF12A48013A00B1741F /* SerieDetailViewController.swift */; };
		43C58CF42A48019600B1741F /* HeroHeaderUIView.swift in Sources */ = {isa = PBXBuildFile; fileRef = 43C58CF32A48019600B1741F /* HeroHeaderUIView.swift */; };
		43C58CF72A49D94B00B1741F /* Helpers.swift in Sources */ = {isa = PBXBuildFile; fileRef = 43C58CF62A49D94B00B1741F /* Helpers.swift */; };
		43C58CF92A49E74000B1741F /* CollectionTableViewCell.swift in Sources */ = {isa = PBXBuildFile; fileRef = 43C58CF82A49E74000B1741F /* CollectionTableViewCell.swift */; };
		43C58CFB2A49E86A00B1741F /* ExpandableTableViewCell.swift in Sources */ = {isa = PBXBuildFile; fileRef = 43C58CFA2A49E86A00B1741F /* ExpandableTableViewCell.swift */; };
		43CA75E32A462EFA00291F4B /* AppDelegate.swift in Sources */ = {isa = PBXBuildFile; fileRef = 43CA75E22A462EFA00291F4B /* AppDelegate.swift */; };
		43CA75E52A462EFA00291F4B /* SceneDelegate.swift in Sources */ = {isa = PBXBuildFile; fileRef = 43CA75E42A462EFA00291F4B /* SceneDelegate.swift */; };
		43CA75E72A462EFA00291F4B /* MainViewController.swift in Sources */ = {isa = PBXBuildFile; fileRef = 43CA75E62A462EFA00291F4B /* MainViewController.swift */; };
		43CA75EC2A462EFC00291F4B /* Assets.xcassets in Resources */ = {isa = PBXBuildFile; fileRef = 43CA75EB2A462EFC00291F4B /* Assets.xcassets */; };
		43CA75EF2A462EFC00291F4B /* LaunchScreen.storyboard in Resources */ = {isa = PBXBuildFile; fileRef = 43CA75ED2A462EFC00291F4B /* LaunchScreen.storyboard */; };
		43CA75FA2A462EFD00291F4B /* tvMazeAppTests.swift in Sources */ = {isa = PBXBuildFile; fileRef = 43CA75F92A462EFD00291F4B /* tvMazeAppTests.swift */; };
		43CA76042A462EFD00291F4B /* tvMazeAppUITests.swift in Sources */ = {isa = PBXBuildFile; fileRef = 43CA76032A462EFD00291F4B /* tvMazeAppUITests.swift */; };
		43CA76062A462EFD00291F4B /* tvMazeAppUITestsLaunchTests.swift in Sources */ = {isa = PBXBuildFile; fileRef = 43CA76052A462EFD00291F4B /* tvMazeAppUITestsLaunchTests.swift */; };
		43E6A4492A4A74B3006461F9 /* Show.swift in Sources */ = {isa = PBXBuildFile; fileRef = 43E6A4482A4A74B3006461F9 /* Show.swift */; };
		77B8EAB96B3B030C91B565E5 /* Pods_tvMazeApp_tvMazeAppUITests.framework in Frameworks */ = {isa = PBXBuildFile; fileRef = 72962956193562C468206AAB /* Pods_tvMazeApp_tvMazeAppUITests.framework */; };
		AF4755F73D64D788B3729B97 /* Pods_tvMazeAppTests.framework in Frameworks */ = {isa = PBXBuildFile; fileRef = 287C2B11D2C1484DB7A07301 /* Pods_tvMazeAppTests.framework */; };
		B1660D26F7903E20CDD70369 /* Pods_tvMazeApp.framework in Frameworks */ = {isa = PBXBuildFile; fileRef = 9D4C64F5D793069704B5EE3C /* Pods_tvMazeApp.framework */; };
/* End PBXBuildFile section */

/* Begin PBXContainerItemProxy section */
		43CA75F62A462EFD00291F4B /* PBXContainerItemProxy */ = {
			isa = PBXContainerItemProxy;
			containerPortal = 43CA75D72A462EF900291F4B /* Project object */;
			proxyType = 1;
			remoteGlobalIDString = 43CA75DE2A462EFA00291F4B;
			remoteInfo = tvMazeApp;
		};
		43CA76002A462EFD00291F4B /* PBXContainerItemProxy */ = {
			isa = PBXContainerItemProxy;
			containerPortal = 43CA75D72A462EF900291F4B /* Project object */;
			proxyType = 1;
			remoteGlobalIDString = 43CA75DE2A462EFA00291F4B;
			remoteInfo = tvMazeApp;
		};
/* End PBXContainerItemProxy section */

/* Begin PBXFileReference section */
		287C2B11D2C1484DB7A07301 /* Pods_tvMazeAppTests.framework */ = {isa = PBXFileReference; explicitFileType = wrapper.framework; includeInIndex = 0; path = Pods_tvMazeAppTests.framework; sourceTree = BUILT_PRODUCTS_DIR; };
		3F82CF06F48DEAB68ABA899C /* Pods-tvMazeApp-tvMazeAppUITests.debug.xcconfig */ = {isa = PBXFileReference; includeInIndex = 1; lastKnownFileType = text.xcconfig; name = "Pods-tvMazeApp-tvMazeAppUITests.debug.xcconfig"; path = "Target Support Files/Pods-tvMazeApp-tvMazeAppUITests/Pods-tvMazeApp-tvMazeAppUITests.debug.xcconfig"; sourceTree = "<group>"; };
		437442802A4A147200834650 /* GuestCollectionViewCell.swift */ = {isa = PBXFileReference; lastKnownFileType = sourcecode.swift; path = GuestCollectionViewCell.swift; sourceTree = "<group>"; };
		4388DA4B2A464B9F003A9791 /* APIManager.swift */ = {isa = PBXFileReference; lastKnownFileType = sourcecode.swift; path = APIManager.swift; sourceTree = "<group>"; };
		4388DA4E2A464E16003A9791 /* Serie.swift */ = {isa = PBXFileReference; lastKnownFileType = sourcecode.swift; path = Serie.swift; sourceTree = "<group>"; };
		4388DA552A46A238003A9791 /* SeriesCollectionViewController.swift */ = {isa = PBXFileReference; lastKnownFileType = sourcecode.swift; path = SeriesCollectionViewController.swift; sourceTree = "<group>"; };
		43C58CDD2A4750CF00B1741F /* SerieCollectionViewCell.swift */ = {isa = PBXFileReference; lastKnownFileType = sourcecode.swift; path = SerieCollectionViewCell.swift; sourceTree = "<group>"; };
		43C58CED2A47FFB000B1741F /* Season.swift */ = {isa = PBXFileReference; lastKnownFileType = sourcecode.swift; path = Season.swift; sourceTree = "<group>"; };
		43C58CEF2A47FFC700B1741F /* Episode.swift */ = {isa = PBXFileReference; lastKnownFileType = sourcecode.swift; path = Episode.swift; sourceTree = "<group>"; };
		43C58CF12A48013A00B1741F /* SerieDetailViewController.swift */ = {isa = PBXFileReference; lastKnownFileType = sourcecode.swift; path = SerieDetailViewController.swift; sourceTree = "<group>"; };
		43C58CF32A48019600B1741F /* HeroHeaderUIView.swift */ = {isa = PBXFileReference; lastKnownFileType = sourcecode.swift; path = HeroHeaderUIView.swift; sourceTree = "<group>"; };
		43C58CF62A49D94B00B1741F /* Helpers.swift */ = {isa = PBXFileReference; lastKnownFileType = sourcecode.swift; path = Helpers.swift; sourceTree = "<group>"; };
		43C58CF82A49E74000B1741F /* CollectionTableViewCell.swift */ = {isa = PBXFileReference; lastKnownFileType = sourcecode.swift; path = CollectionTableViewCell.swift; sourceTree = "<group>"; };
		43C58CFA2A49E86A00B1741F /* ExpandableTableViewCell.swift */ = {isa = PBXFileReference; lastKnownFileType = sourcecode.swift; path = ExpandableTableViewCell.swift; sourceTree = "<group>"; };
		43CA75DF2A462EFA00291F4B /* tvMazeApp.app */ = {isa = PBXFileReference; explicitFileType = wrapper.application; includeInIndex = 0; path = tvMazeApp.app; sourceTree = BUILT_PRODUCTS_DIR; };
		43CA75E22A462EFA00291F4B /* AppDelegate.swift */ = {isa = PBXFileReference; lastKnownFileType = sourcecode.swift; path = AppDelegate.swift; sourceTree = "<group>"; };
		43CA75E42A462EFA00291F4B /* SceneDelegate.swift */ = {isa = PBXFileReference; lastKnownFileType = sourcecode.swift; path = SceneDelegate.swift; sourceTree = "<group>"; };
		43CA75E62A462EFA00291F4B /* MainViewController.swift */ = {isa = PBXFileReference; lastKnownFileType = sourcecode.swift; path = MainViewController.swift; sourceTree = "<group>"; };
		43CA75EB2A462EFC00291F4B /* Assets.xcassets */ = {isa = PBXFileReference; lastKnownFileType = folder.assetcatalog; path = Assets.xcassets; sourceTree = "<group>"; };
		43CA75EE2A462EFC00291F4B /* Base */ = {isa = PBXFileReference; lastKnownFileType = file.storyboard; name = Base; path = Base.lproj/LaunchScreen.storyboard; sourceTree = "<group>"; };
		43CA75F02A462EFC00291F4B /* Info.plist */ = {isa = PBXFileReference; lastKnownFileType = text.plist.xml; path = Info.plist; sourceTree = "<group>"; };
		43CA75F52A462EFD00291F4B /* tvMazeAppTests.xctest */ = {isa = PBXFileReference; explicitFileType = wrapper.cfbundle; includeInIndex = 0; path = tvMazeAppTests.xctest; sourceTree = BUILT_PRODUCTS_DIR; };
		43CA75F92A462EFD00291F4B /* tvMazeAppTests.swift */ = {isa = PBXFileReference; lastKnownFileType = sourcecode.swift; path = tvMazeAppTests.swift; sourceTree = "<group>"; };
		43CA75FF2A462EFD00291F4B /* tvMazeAppUITests.xctest */ = {isa = PBXFileReference; explicitFileType = wrapper.cfbundle; includeInIndex = 0; path = tvMazeAppUITests.xctest; sourceTree = BUILT_PRODUCTS_DIR; };
		43CA76032A462EFD00291F4B /* tvMazeAppUITests.swift */ = {isa = PBXFileReference; lastKnownFileType = sourcecode.swift; path = tvMazeAppUITests.swift; sourceTree = "<group>"; };
		43CA76052A462EFD00291F4B /* tvMazeAppUITestsLaunchTests.swift */ = {isa = PBXFileReference; lastKnownFileType = sourcecode.swift; path = tvMazeAppUITestsLaunchTests.swift; sourceTree = "<group>"; };
		43E6A4482A4A74B3006461F9 /* Show.swift */ = {isa = PBXFileReference; lastKnownFileType = sourcecode.swift; path = Show.swift; sourceTree = "<group>"; };
		59F0478EF3D176A4B86D0765 /* Pods-tvMazeAppTests.debug.xcconfig */ = {isa = PBXFileReference; includeInIndex = 1; lastKnownFileType = text.xcconfig; name = "Pods-tvMazeAppTests.debug.xcconfig"; path = "Target Support Files/Pods-tvMazeAppTests/Pods-tvMazeAppTests.debug.xcconfig"; sourceTree = "<group>"; };
		6F12C8800F42A13E897E219E /* Pods-tvMazeApp.debug.xcconfig */ = {isa = PBXFileReference; includeInIndex = 1; lastKnownFileType = text.xcconfig; name = "Pods-tvMazeApp.debug.xcconfig"; path = "Target Support Files/Pods-tvMazeApp/Pods-tvMazeApp.debug.xcconfig"; sourceTree = "<group>"; };
		72962956193562C468206AAB /* Pods_tvMazeApp_tvMazeAppUITests.framework */ = {isa = PBXFileReference; explicitFileType = wrapper.framework; includeInIndex = 0; path = Pods_tvMazeApp_tvMazeAppUITests.framework; sourceTree = BUILT_PRODUCTS_DIR; };
		9D4C64F5D793069704B5EE3C /* Pods_tvMazeApp.framework */ = {isa = PBXFileReference; explicitFileType = wrapper.framework; includeInIndex = 0; path = Pods_tvMazeApp.framework; sourceTree = BUILT_PRODUCTS_DIR; };
		A3903C55F52BFCB134A6A93A /* Pods-tvMazeApp.release.xcconfig */ = {isa = PBXFileReference; includeInIndex = 1; lastKnownFileType = text.xcconfig; name = "Pods-tvMazeApp.release.xcconfig"; path = "Target Support Files/Pods-tvMazeApp/Pods-tvMazeApp.release.xcconfig"; sourceTree = "<group>"; };
		B8797EEC54125C0CAE2BF356 /* Pods-tvMazeAppTests.release.xcconfig */ = {isa = PBXFileReference; includeInIndex = 1; lastKnownFileType = text.xcconfig; name = "Pods-tvMazeAppTests.release.xcconfig"; path = "Target Support Files/Pods-tvMazeAppTests/Pods-tvMazeAppTests.release.xcconfig"; sourceTree = "<group>"; };
		E287ED6190D1B9D300D6D162 /* Pods-tvMazeApp-tvMazeAppUITests.release.xcconfig */ = {isa = PBXFileReference; includeInIndex = 1; lastKnownFileType = text.xcconfig; name = "Pods-tvMazeApp-tvMazeAppUITests.release.xcconfig"; path = "Target Support Files/Pods-tvMazeApp-tvMazeAppUITests/Pods-tvMazeApp-tvMazeAppUITests.release.xcconfig"; sourceTree = "<group>"; };
/* End PBXFileReference section */

/* Begin PBXFrameworksBuildPhase section */
		43CA75DC2A462EFA00291F4B /* Frameworks */ = {
			isa = PBXFrameworksBuildPhase;
			buildActionMask = 2147483647;
			files = (
				B1660D26F7903E20CDD70369 /* Pods_tvMazeApp.framework in Frameworks */,
			);
			runOnlyForDeploymentPostprocessing = 0;
		};
		43CA75F22A462EFD00291F4B /* Frameworks */ = {
			isa = PBXFrameworksBuildPhase;
			buildActionMask = 2147483647;
			files = (
				AF4755F73D64D788B3729B97 /* Pods_tvMazeAppTests.framework in Frameworks */,
			);
			runOnlyForDeploymentPostprocessing = 0;
		};
		43CA75FC2A462EFD00291F4B /* Frameworks */ = {
			isa = PBXFrameworksBuildPhase;
			buildActionMask = 2147483647;
			files = (
				77B8EAB96B3B030C91B565E5 /* Pods_tvMazeApp_tvMazeAppUITests.framework in Frameworks */,
			);
			runOnlyForDeploymentPostprocessing = 0;
		};
/* End PBXFrameworksBuildPhase section */

/* Begin PBXGroup section */
		1DCC7CAA21C0FF149E4DDE68 /* Pods */ = {
			isa = PBXGroup;
			children = (
				6F12C8800F42A13E897E219E /* Pods-tvMazeApp.debug.xcconfig */,
				A3903C55F52BFCB134A6A93A /* Pods-tvMazeApp.release.xcconfig */,
				3F82CF06F48DEAB68ABA899C /* Pods-tvMazeApp-tvMazeAppUITests.debug.xcconfig */,
				E287ED6190D1B9D300D6D162 /* Pods-tvMazeApp-tvMazeAppUITests.release.xcconfig */,
				59F0478EF3D176A4B86D0765 /* Pods-tvMazeAppTests.debug.xcconfig */,
				B8797EEC54125C0CAE2BF356 /* Pods-tvMazeAppTests.release.xcconfig */,
			);
			path = Pods;
			sourceTree = "<group>";
		};
		43753AAE6F143B2B9FBAB9C6 /* Frameworks */ = {
			isa = PBXGroup;
			children = (
				9D4C64F5D793069704B5EE3C /* Pods_tvMazeApp.framework */,
				72962956193562C468206AAB /* Pods_tvMazeApp_tvMazeAppUITests.framework */,
				287C2B11D2C1484DB7A07301 /* Pods_tvMazeAppTests.framework */,
			);
			name = Frameworks;
			sourceTree = "<group>";
		};
		4388DA4A2A464B5B003A9791 /* Networking */ = {
			isa = PBXGroup;
			children = (
				4388DA4B2A464B9F003A9791 /* APIManager.swift */,
			);
			path = Networking;
			sourceTree = "<group>";
		};
		4388DA4D2A464DE1003A9791 /* ViewModel */ = {
			isa = PBXGroup;
			children = (
				4388DA4E2A464E16003A9791 /* Serie.swift */,
				43C58CED2A47FFB000B1741F /* Season.swift */,
				43C58CEF2A47FFC700B1741F /* Episode.swift */,
				43E6A4482A4A74B3006461F9 /* Show.swift */,
			);
			path = ViewModel;
			sourceTree = "<group>";
		};
		4388DA502A464F80003A9791 /* Controller */ = {
			isa = PBXGroup;
			children = (
				4388DA552A46A238003A9791 /* SeriesCollectionViewController.swift */,
				43C58CF12A48013A00B1741F /* SerieDetailViewController.swift */,
			);
			path = Controller;
			sourceTree = "<group>";
		};
		43ABCD702A46A4DA00E0265A /* View */ = {
			isa = PBXGroup;
			children = (
				43C58CDD2A4750CF00B1741F /* SerieCollectionViewCell.swift */,
				43C58CF32A48019600B1741F /* HeroHeaderUIView.swift */,
				43C58CF82A49E74000B1741F /* CollectionTableViewCell.swift */,
				437442802A4A147200834650 /* GuestCollectionViewCell.swift */,
				43C58CFA2A49E86A00B1741F /* ExpandableTableViewCell.swift */,
			);
			path = View;
			sourceTree = "<group>";
		};
		43C58CF52A49D91D00B1741F /* Helpers */ = {
			isa = PBXGroup;
			children = (
				43C58CF62A49D94B00B1741F /* Helpers.swift */,
			);
			path = Helpers;
			sourceTree = "<group>";
		};
		43CA75D62A462EF900291F4B = {
			isa = PBXGroup;
			children = (
				43CA75E12A462EFA00291F4B /* tvMazeApp */,
				43CA75F82A462EFD00291F4B /* tvMazeAppTests */,
				43CA76022A462EFD00291F4B /* tvMazeAppUITests */,
				43CA75E02A462EFA00291F4B /* Products */,
				1DCC7CAA21C0FF149E4DDE68 /* Pods */,
				43753AAE6F143B2B9FBAB9C6 /* Frameworks */,
			);
			sourceTree = "<group>";
		};
		43CA75E02A462EFA00291F4B /* Products */ = {
			isa = PBXGroup;
			children = (
				43CA75DF2A462EFA00291F4B /* tvMazeApp.app */,
				43CA75F52A462EFD00291F4B /* tvMazeAppTests.xctest */,
				43CA75FF2A462EFD00291F4B /* tvMazeAppUITests.xctest */,
			);
			name = Products;
			sourceTree = "<group>";
		};
		43CA75E12A462EFA00291F4B /* tvMazeApp */ = {
			isa = PBXGroup;
			children = (
				43CA75E22A462EFA00291F4B /* AppDelegate.swift */,
				43CA75E42A462EFA00291F4B /* SceneDelegate.swift */,
				43CA75E62A462EFA00291F4B /* MainViewController.swift */,
				43C58CF52A49D91D00B1741F /* Helpers */,
				4388DA4A2A464B5B003A9791 /* Networking */,
				43ABCD702A46A4DA00E0265A /* View */,
				4388DA4D2A464DE1003A9791 /* ViewModel */,
				4388DA502A464F80003A9791 /* Controller */,
				43CA75EB2A462EFC00291F4B /* Assets.xcassets */,
				43CA75ED2A462EFC00291F4B /* LaunchScreen.storyboard */,
				43CA75F02A462EFC00291F4B /* Info.plist */,
			);
			path = tvMazeApp;
			sourceTree = "<group>";
		};
		43CA75F82A462EFD00291F4B /* tvMazeAppTests */ = {
			isa = PBXGroup;
			children = (
				43CA75F92A462EFD00291F4B /* tvMazeAppTests.swift */,
			);
			path = tvMazeAppTests;
			sourceTree = "<group>";
		};
		43CA76022A462EFD00291F4B /* tvMazeAppUITests */ = {
			isa = PBXGroup;
			children = (
				43CA76032A462EFD00291F4B /* tvMazeAppUITests.swift */,
				43CA76052A462EFD00291F4B /* tvMazeAppUITestsLaunchTests.swift */,
			);
			path = tvMazeAppUITests;
			sourceTree = "<group>";
		};
/* End PBXGroup section */

/* Begin PBXNativeTarget section */
		43CA75DE2A462EFA00291F4B /* tvMazeApp */ = {
			isa = PBXNativeTarget;
			buildConfigurationList = 43CA76092A462EFD00291F4B /* Build configuration list for PBXNativeTarget "tvMazeApp" */;
			buildPhases = (
				D669C35EE9D1A9AC764F6D43 /* [CP] Check Pods Manifest.lock */,
				43CA75DB2A462EFA00291F4B /* Sources */,
				43CA75DC2A462EFA00291F4B /* Frameworks */,
				43CA75DD2A462EFA00291F4B /* Resources */,
				C5B6693ED287F12CC44274FE /* [CP] Embed Pods Frameworks */,
			);
			buildRules = (
			);
			dependencies = (
			);
			name = tvMazeApp;
			productName = tvMazeApp;
			productReference = 43CA75DF2A462EFA00291F4B /* tvMazeApp.app */;
			productType = "com.apple.product-type.application";
		};
		43CA75F42A462EFD00291F4B /* tvMazeAppTests */ = {
			isa = PBXNativeTarget;
			buildConfigurationList = 43CA760C2A462EFD00291F4B /* Build configuration list for PBXNativeTarget "tvMazeAppTests" */;
			buildPhases = (
				BF37E62DF034970B6FB40F41 /* [CP] Check Pods Manifest.lock */,
				43CA75F12A462EFD00291F4B /* Sources */,
				43CA75F22A462EFD00291F4B /* Frameworks */,
				43CA75F32A462EFD00291F4B /* Resources */,
			);
			buildRules = (
			);
			dependencies = (
				43CA75F72A462EFD00291F4B /* PBXTargetDependency */,
			);
			name = tvMazeAppTests;
			productName = tvMazeAppTests;
			productReference = 43CA75F52A462EFD00291F4B /* tvMazeAppTests.xctest */;
			productType = "com.apple.product-type.bundle.unit-test";
		};
		43CA75FE2A462EFD00291F4B /* tvMazeAppUITests */ = {
			isa = PBXNativeTarget;
			buildConfigurationList = 43CA760F2A462EFD00291F4B /* Build configuration list for PBXNativeTarget "tvMazeAppUITests" */;
			buildPhases = (
				717A2B89379F9BE1A6DA8658 /* [CP] Check Pods Manifest.lock */,
				43CA75FB2A462EFD00291F4B /* Sources */,
				43CA75FC2A462EFD00291F4B /* Frameworks */,
				43CA75FD2A462EFD00291F4B /* Resources */,
				1DF980B352DF2BDC27F5E9BE /* [CP] Embed Pods Frameworks */,
			);
			buildRules = (
			);
			dependencies = (
				43CA76012A462EFD00291F4B /* PBXTargetDependency */,
			);
			name = tvMazeAppUITests;
			productName = tvMazeAppUITests;
			productReference = 43CA75FF2A462EFD00291F4B /* tvMazeAppUITests.xctest */;
			productType = "com.apple.product-type.bundle.ui-testing";
		};
/* End PBXNativeTarget section */

/* Begin PBXProject section */
		43CA75D72A462EF900291F4B /* Project object */ = {
			isa = PBXProject;
			attributes = {
				BuildIndependentTargetsInParallel = 1;
				LastSwiftUpdateCheck = 1420;
				LastUpgradeCheck = 1420;
				TargetAttributes = {
					43CA75DE2A462EFA00291F4B = {
						CreatedOnToolsVersion = 14.2;
					};
					43CA75F42A462EFD00291F4B = {
						CreatedOnToolsVersion = 14.2;
						TestTargetID = 43CA75DE2A462EFA00291F4B;
					};
					43CA75FE2A462EFD00291F4B = {
						CreatedOnToolsVersion = 14.2;
						TestTargetID = 43CA75DE2A462EFA00291F4B;
					};
				};
			};
			buildConfigurationList = 43CA75DA2A462EF900291F4B /* Build configuration list for PBXProject "tvMazeApp" */;
			compatibilityVersion = "Xcode 14.0";
			developmentRegion = en;
			hasScannedForEncodings = 0;
			knownRegions = (
				en,
				Base,
			);
			mainGroup = 43CA75D62A462EF900291F4B;
			productRefGroup = 43CA75E02A462EFA00291F4B /* Products */;
			projectDirPath = "";
			projectRoot = "";
			targets = (
				43CA75DE2A462EFA00291F4B /* tvMazeApp */,
				43CA75F42A462EFD00291F4B /* tvMazeAppTests */,
				43CA75FE2A462EFD00291F4B /* tvMazeAppUITests */,
			);
		};
/* End PBXProject section */

/* Begin PBXResourcesBuildPhase section */
		43CA75DD2A462EFA00291F4B /* Resources */ = {
			isa = PBXResourcesBuildPhase;
			buildActionMask = 2147483647;
			files = (
				43CA75EF2A462EFC00291F4B /* LaunchScreen.storyboard in Resources */,
				43CA75EC2A462EFC00291F4B /* Assets.xcassets in Resources */,
			);
			runOnlyForDeploymentPostprocessing = 0;
		};
		43CA75F32A462EFD00291F4B /* Resources */ = {
			isa = PBXResourcesBuildPhase;
			buildActionMask = 2147483647;
			files = (
			);
			runOnlyForDeploymentPostprocessing = 0;
		};
		43CA75FD2A462EFD00291F4B /* Resources */ = {
			isa = PBXResourcesBuildPhase;
			buildActionMask = 2147483647;
			files = (
			);
			runOnlyForDeploymentPostprocessing = 0;
		};
/* End PBXResourcesBuildPhase section */

/* Begin PBXShellScriptBuildPhase section */
		1DF980B352DF2BDC27F5E9BE /* [CP] Embed Pods Frameworks */ = {
			isa = PBXShellScriptBuildPhase;
			buildActionMask = 2147483647;
			files = (
			);
			inputFileListPaths = (
				"${PODS_ROOT}/Target Support Files/Pods-tvMazeApp-tvMazeAppUITests/Pods-tvMazeApp-tvMazeAppUITests-frameworks-${CONFIGURATION}-input-files.xcfilelist",
			);
			name = "[CP] Embed Pods Frameworks";
			outputFileListPaths = (
				"${PODS_ROOT}/Target Support Files/Pods-tvMazeApp-tvMazeAppUITests/Pods-tvMazeApp-tvMazeAppUITests-frameworks-${CONFIGURATION}-output-files.xcfilelist",
			);
			runOnlyForDeploymentPostprocessing = 0;
			shellPath = /bin/sh;
			shellScript = "\"${PODS_ROOT}/Target Support Files/Pods-tvMazeApp-tvMazeAppUITests/Pods-tvMazeApp-tvMazeAppUITests-frameworks.sh\"\n";
			showEnvVarsInLog = 0;
		};
		717A2B89379F9BE1A6DA8658 /* [CP] Check Pods Manifest.lock */ = {
			isa = PBXShellScriptBuildPhase;
			buildActionMask = 2147483647;
			files = (
			);
			inputFileListPaths = (
			);
			inputPaths = (
				"${PODS_PODFILE_DIR_PATH}/Podfile.lock",
				"${PODS_ROOT}/Manifest.lock",
			);
			name = "[CP] Check Pods Manifest.lock";
			outputFileListPaths = (
			);
			outputPaths = (
				"$(DERIVED_FILE_DIR)/Pods-tvMazeApp-tvMazeAppUITests-checkManifestLockResult.txt",
			);
			runOnlyForDeploymentPostprocessing = 0;
			shellPath = /bin/sh;
			shellScript = "diff \"${PODS_PODFILE_DIR_PATH}/Podfile.lock\" \"${PODS_ROOT}/Manifest.lock\" > /dev/null\nif [ $? != 0 ] ; then\n    # print error to STDERR\n    echo \"error: The sandbox is not in sync with the Podfile.lock. Run 'pod install' or update your CocoaPods installation.\" >&2\n    exit 1\nfi\n# This output is used by Xcode 'outputs' to avoid re-running this script phase.\necho \"SUCCESS\" > \"${SCRIPT_OUTPUT_FILE_0}\"\n";
			showEnvVarsInLog = 0;
		};
		BF37E62DF034970B6FB40F41 /* [CP] Check Pods Manifest.lock */ = {
			isa = PBXShellScriptBuildPhase;
			buildActionMask = 2147483647;
			files = (
			);
			inputFileListPaths = (
			);
			inputPaths = (
				"${PODS_PODFILE_DIR_PATH}/Podfile.lock",
				"${PODS_ROOT}/Manifest.lock",
			);
			name = "[CP] Check Pods Manifest.lock";
			outputFileListPaths = (
			);
			outputPaths = (
				"$(DERIVED_FILE_DIR)/Pods-tvMazeAppTests-checkManifestLockResult.txt",
			);
			runOnlyForDeploymentPostprocessing = 0;
			shellPath = /bin/sh;
			shellScript = "diff \"${PODS_PODFILE_DIR_PATH}/Podfile.lock\" \"${PODS_ROOT}/Manifest.lock\" > /dev/null\nif [ $? != 0 ] ; then\n    # print error to STDERR\n    echo \"error: The sandbox is not in sync with the Podfile.lock. Run 'pod install' or update your CocoaPods installation.\" >&2\n    exit 1\nfi\n# This output is used by Xcode 'outputs' to avoid re-running this script phase.\necho \"SUCCESS\" > \"${SCRIPT_OUTPUT_FILE_0}\"\n";
			showEnvVarsInLog = 0;
		};
		C5B6693ED287F12CC44274FE /* [CP] Embed Pods Frameworks */ = {
			isa = PBXShellScriptBuildPhase;
			buildActionMask = 2147483647;
			files = (
			);
			inputFileListPaths = (
				"${PODS_ROOT}/Target Support Files/Pods-tvMazeApp/Pods-tvMazeApp-frameworks-${CONFIGURATION}-input-files.xcfilelist",
			);
			name = "[CP] Embed Pods Frameworks";
			outputFileListPaths = (
				"${PODS_ROOT}/Target Support Files/Pods-tvMazeApp/Pods-tvMazeApp-frameworks-${CONFIGURATION}-output-files.xcfilelist",
			);
			runOnlyForDeploymentPostprocessing = 0;
			shellPath = /bin/sh;
			shellScript = "\"${PODS_ROOT}/Target Support Files/Pods-tvMazeApp/Pods-tvMazeApp-frameworks.sh\"\n";
			showEnvVarsInLog = 0;
		};
		D669C35EE9D1A9AC764F6D43 /* [CP] Check Pods Manifest.lock */ = {
			isa = PBXShellScriptBuildPhase;
			buildActionMask = 2147483647;
			files = (
			);
			inputFileListPaths = (
			);
			inputPaths = (
				"${PODS_PODFILE_DIR_PATH}/Podfile.lock",
				"${PODS_ROOT}/Manifest.lock",
			);
			name = "[CP] Check Pods Manifest.lock";
			outputFileListPaths = (
			);
			outputPaths = (
				"$(DERIVED_FILE_DIR)/Pods-tvMazeApp-checkManifestLockResult.txt",
			);
			runOnlyForDeploymentPostprocessing = 0;
			shellPath = /bin/sh;
			shellScript = "diff \"${PODS_PODFILE_DIR_PATH}/Podfile.lock\" \"${PODS_ROOT}/Manifest.lock\" > /dev/null\nif [ $? != 0 ] ; then\n    # print error to STDERR\n    echo \"error: The sandbox is not in sync with the Podfile.lock. Run 'pod install' or update your CocoaPods installation.\" >&2\n    exit 1\nfi\n# This output is used by Xcode 'outputs' to avoid re-running this script phase.\necho \"SUCCESS\" > \"${SCRIPT_OUTPUT_FILE_0}\"\n";
			showEnvVarsInLog = 0;
		};
/* End PBXShellScriptBuildPhase section */

/* Begin PBXSourcesBuildPhase section */
		43CA75DB2A462EFA00291F4B /* Sources */ = {
			isa = PBXSourcesBuildPhase;
			buildActionMask = 2147483647;
			files = (
				43C58CEE2A47FFB000B1741F /* Season.swift in Sources */,
				43C58CDE2A4750CF00B1741F /* SerieCollectionViewCell.swift in Sources */,
				43CA75E72A462EFA00291F4B /* MainViewController.swift in Sources */,
				4388DA4C2A464B9F003A9791 /* APIManager.swift in Sources */,
				43CA75E32A462EFA00291F4B /* AppDelegate.swift in Sources */,
				43CA75E52A462EFA00291F4B /* SceneDelegate.swift in Sources */,
				43E6A4492A4A74B3006461F9 /* Show.swift in Sources */,
				4388DA4F2A464E16003A9791 /* Serie.swift in Sources */,
				43C58CF72A49D94B00B1741F /* Helpers.swift in Sources */,
				43C58CF02A47FFC700B1741F /* Episode.swift in Sources */,
				43C58CFB2A49E86A00B1741F /* ExpandableTableViewCell.swift in Sources */,
				43C58CF42A48019600B1741F /* HeroHeaderUIView.swift in Sources */,
				43C58CF22A48013A00B1741F /* SerieDetailViewController.swift in Sources */,
				437442812A4A147200834650 /* GuestCollectionViewCell.swift in Sources */,
				43C58CF92A49E74000B1741F /* CollectionTableViewCell.swift in Sources */,
				4388DA562A46A238003A9791 /* SeriesCollectionViewController.swift in Sources */,
			);
			runOnlyForDeploymentPostprocessing = 0;
		};
		43CA75F12A462EFD00291F4B /* Sources */ = {
			isa = PBXSourcesBuildPhase;
			buildActionMask = 2147483647;
			files = (
				43CA75FA2A462EFD00291F4B /* tvMazeAppTests.swift in Sources */,
			);
			runOnlyForDeploymentPostprocessing = 0;
		};
		43CA75FB2A462EFD00291F4B /* Sources */ = {
			isa = PBXSourcesBuildPhase;
			buildActionMask = 2147483647;
			files = (
				43CA76042A462EFD00291F4B /* tvMazeAppUITests.swift in Sources */,
				43CA76062A462EFD00291F4B /* tvMazeAppUITestsLaunchTests.swift in Sources */,
			);
			runOnlyForDeploymentPostprocessing = 0;
		};
/* End PBXSourcesBuildPhase section */

/* Begin PBXTargetDependency section */
		43CA75F72A462EFD00291F4B /* PBXTargetDependency */ = {
			isa = PBXTargetDependency;
			target = 43CA75DE2A462EFA00291F4B /* tvMazeApp */;
			targetProxy = 43CA75F62A462EFD00291F4B /* PBXContainerItemProxy */;
		};
		43CA76012A462EFD00291F4B /* PBXTargetDependency */ = {
			isa = PBXTargetDependency;
			target = 43CA75DE2A462EFA00291F4B /* tvMazeApp */;
			targetProxy = 43CA76002A462EFD00291F4B /* PBXContainerItemProxy */;
		};
/* End PBXTargetDependency section */

/* Begin PBXVariantGroup section */
		43CA75ED2A462EFC00291F4B /* LaunchScreen.storyboard */ = {
			isa = PBXVariantGroup;
			children = (
				43CA75EE2A462EFC00291F4B /* Base */,
			);
			name = LaunchScreen.storyboard;
			sourceTree = "<group>";
		};
/* End PBXVariantGroup section */

/* Begin XCBuildConfiguration section */
		43CA76072A462EFD00291F4B /* Debug */ = {
			isa = XCBuildConfiguration;
			buildSettings = {
				ALWAYS_SEARCH_USER_PATHS = NO;
				CLANG_ANALYZER_NONNULL = YES;
				CLANG_ANALYZER_NUMBER_OBJECT_CONVERSION = YES_AGGRESSIVE;
				CLANG_CXX_LANGUAGE_STANDARD = "gnu++20";
				CLANG_ENABLE_MODULES = YES;
				CLANG_ENABLE_OBJC_ARC = YES;
				CLANG_ENABLE_OBJC_WEAK = YES;
				CLANG_WARN_BLOCK_CAPTURE_AUTORELEASING = YES;
				CLANG_WARN_BOOL_CONVERSION = YES;
				CLANG_WARN_COMMA = YES;
				CLANG_WARN_CONSTANT_CONVERSION = YES;
				CLANG_WARN_DEPRECATED_OBJC_IMPLEMENTATIONS = YES;
				CLANG_WARN_DIRECT_OBJC_ISA_USAGE = YES_ERROR;
				CLANG_WARN_DOCUMENTATION_COMMENTS = YES;
				CLANG_WARN_EMPTY_BODY = YES;
				CLANG_WARN_ENUM_CONVERSION = YES;
				CLANG_WARN_INFINITE_RECURSION = YES;
				CLANG_WARN_INT_CONVERSION = YES;
				CLANG_WARN_NON_LITERAL_NULL_CONVERSION = YES;
				CLANG_WARN_OBJC_IMPLICIT_RETAIN_SELF = YES;
				CLANG_WARN_OBJC_LITERAL_CONVERSION = YES;
				CLANG_WARN_OBJC_ROOT_CLASS = YES_ERROR;
				CLANG_WARN_QUOTED_INCLUDE_IN_FRAMEWORK_HEADER = YES;
				CLANG_WARN_RANGE_LOOP_ANALYSIS = YES;
				CLANG_WARN_STRICT_PROTOTYPES = YES;
				CLANG_WARN_SUSPICIOUS_MOVE = YES;
				CLANG_WARN_UNGUARDED_AVAILABILITY = YES_AGGRESSIVE;
				CLANG_WARN_UNREACHABLE_CODE = YES;
				CLANG_WARN__DUPLICATE_METHOD_MATCH = YES;
				COPY_PHASE_STRIP = NO;
				DEBUG_INFORMATION_FORMAT = dwarf;
				ENABLE_STRICT_OBJC_MSGSEND = YES;
				ENABLE_TESTABILITY = YES;
				GCC_C_LANGUAGE_STANDARD = gnu11;
				GCC_DYNAMIC_NO_PIC = NO;
				GCC_NO_COMMON_BLOCKS = YES;
				GCC_OPTIMIZATION_LEVEL = 0;
				GCC_PREPROCESSOR_DEFINITIONS = (
					"DEBUG=1",
					"$(inherited)",
				);
				GCC_WARN_64_TO_32_BIT_CONVERSION = YES;
				GCC_WARN_ABOUT_RETURN_TYPE = YES_ERROR;
				GCC_WARN_UNDECLARED_SELECTOR = YES;
				GCC_WARN_UNINITIALIZED_AUTOS = YES_AGGRESSIVE;
				GCC_WARN_UNUSED_FUNCTION = YES;
				GCC_WARN_UNUSED_VARIABLE = YES;
				IPHONEOS_DEPLOYMENT_TARGET = 16.2;
				MTL_ENABLE_DEBUG_INFO = INCLUDE_SOURCE;
				MTL_FAST_MATH = YES;
				ONLY_ACTIVE_ARCH = YES;
				SDKROOT = iphoneos;
				SWIFT_ACTIVE_COMPILATION_CONDITIONS = DEBUG;
				SWIFT_OPTIMIZATION_LEVEL = "-Onone";
			};
			name = Debug;
		};
		43CA76082A462EFD00291F4B /* Release */ = {
			isa = XCBuildConfiguration;
			buildSettings = {
				ALWAYS_SEARCH_USER_PATHS = NO;
				CLANG_ANALYZER_NONNULL = YES;
				CLANG_ANALYZER_NUMBER_OBJECT_CONVERSION = YES_AGGRESSIVE;
				CLANG_CXX_LANGUAGE_STANDARD = "gnu++20";
				CLANG_ENABLE_MODULES = YES;
				CLANG_ENABLE_OBJC_ARC = YES;
				CLANG_ENABLE_OBJC_WEAK = YES;
				CLANG_WARN_BLOCK_CAPTURE_AUTORELEASING = YES;
				CLANG_WARN_BOOL_CONVERSION = YES;
				CLANG_WARN_COMMA = YES;
				CLANG_WARN_CONSTANT_CONVERSION = YES;
				CLANG_WARN_DEPRECATED_OBJC_IMPLEMENTATIONS = YES;
				CLANG_WARN_DIRECT_OBJC_ISA_USAGE = YES_ERROR;
				CLANG_WARN_DOCUMENTATION_COMMENTS = YES;
				CLANG_WARN_EMPTY_BODY = YES;
				CLANG_WARN_ENUM_CONVERSION = YES;
				CLANG_WARN_INFINITE_RECURSION = YES;
				CLANG_WARN_INT_CONVERSION = YES;
				CLANG_WARN_NON_LITERAL_NULL_CONVERSION = YES;
				CLANG_WARN_OBJC_IMPLICIT_RETAIN_SELF = YES;
				CLANG_WARN_OBJC_LITERAL_CONVERSION = YES;
				CLANG_WARN_OBJC_ROOT_CLASS = YES_ERROR;
				CLANG_WARN_QUOTED_INCLUDE_IN_FRAMEWORK_HEADER = YES;
				CLANG_WARN_RANGE_LOOP_ANALYSIS = YES;
				CLANG_WARN_STRICT_PROTOTYPES = YES;
				CLANG_WARN_SUSPICIOUS_MOVE = YES;
				CLANG_WARN_UNGUARDED_AVAILABILITY = YES_AGGRESSIVE;
				CLANG_WARN_UNREACHABLE_CODE = YES;
				CLANG_WARN__DUPLICATE_METHOD_MATCH = YES;
				COPY_PHASE_STRIP = NO;
				DEBUG_INFORMATION_FORMAT = "dwarf-with-dsym";
				ENABLE_NS_ASSERTIONS = NO;
				ENABLE_STRICT_OBJC_MSGSEND = YES;
				GCC_C_LANGUAGE_STANDARD = gnu11;
				GCC_NO_COMMON_BLOCKS = YES;
				GCC_WARN_64_TO_32_BIT_CONVERSION = YES;
				GCC_WARN_ABOUT_RETURN_TYPE = YES_ERROR;
				GCC_WARN_UNDECLARED_SELECTOR = YES;
				GCC_WARN_UNINITIALIZED_AUTOS = YES_AGGRESSIVE;
				GCC_WARN_UNUSED_FUNCTION = YES;
				GCC_WARN_UNUSED_VARIABLE = YES;
				IPHONEOS_DEPLOYMENT_TARGET = 16.2;
				MTL_ENABLE_DEBUG_INFO = NO;
				MTL_FAST_MATH = YES;
				SDKROOT = iphoneos;
				SWIFT_COMPILATION_MODE = wholemodule;
				SWIFT_OPTIMIZATION_LEVEL = "-O";
				VALIDATE_PRODUCT = YES;
			};
			name = Release;
		};
		43CA760A2A462EFD00291F4B /* Debug */ = {
			isa = XCBuildConfiguration;
			baseConfigurationReference = 6F12C8800F42A13E897E219E /* Pods-tvMazeApp.debug.xcconfig */;
			buildSettings = {
				ASSETCATALOG_COMPILER_APPICON_NAME = AppIcon;
				ASSETCATALOG_COMPILER_GLOBAL_ACCENT_COLOR_NAME = AccentColor;
				CODE_SIGN_STYLE = Automatic;
				CURRENT_PROJECT_VERSION = 1;
				DEVELOPMENT_TEAM = 2R6A8SD34S;
				GENERATE_INFOPLIST_FILE = YES;
				INFOPLIST_FILE = tvMazeApp/Info.plist;
				INFOPLIST_KEY_UIApplicationSupportsIndirectInputEvents = YES;
				INFOPLIST_KEY_UILaunchStoryboardName = LaunchScreen;
				INFOPLIST_KEY_UISupportedInterfaceOrientations_iPad = "UIInterfaceOrientationPortrait UIInterfaceOrientationPortraitUpsideDown UIInterfaceOrientationLandscapeLeft UIInterfaceOrientationLandscapeRight";
				INFOPLIST_KEY_UISupportedInterfaceOrientations_iPhone = "UIInterfaceOrientationPortrait UIInterfaceOrientationLandscapeLeft UIInterfaceOrientationLandscapeRight";
				LD_RUNPATH_SEARCH_PATHS = (
					"$(inherited)",
					"@executable_path/Frameworks",
				);
				MARKETING_VERSION = 1.0;
				PRODUCT_BUNDLE_IDENTIFIER = com.alejandrodeleonc.tvMazeApp;
				PRODUCT_NAME = "$(TARGET_NAME)";
				SWIFT_EMIT_LOC_STRINGS = YES;
				SWIFT_VERSION = 5.0;
				TARGETED_DEVICE_FAMILY = "1,2";
			};
			name = Debug;
		};
		43CA760B2A462EFD00291F4B /* Release */ = {
			isa = XCBuildConfiguration;
			baseConfigurationReference = A3903C55F52BFCB134A6A93A /* Pods-tvMazeApp.release.xcconfig */;
			buildSettings = {
				ASSETCATALOG_COMPILER_APPICON_NAME = AppIcon;
				ASSETCATALOG_COMPILER_GLOBAL_ACCENT_COLOR_NAME = AccentColor;
				CODE_SIGN_STYLE = Automatic;
				CURRENT_PROJECT_VERSION = 1;
				DEVELOPMENT_TEAM = 2R6A8SD34S;
				GENERATE_INFOPLIST_FILE = YES;
				INFOPLIST_FILE = tvMazeApp/Info.plist;
				INFOPLIST_KEY_UIApplicationSupportsIndirectInputEvents = YES;
				INFOPLIST_KEY_UILaunchStoryboardName = LaunchScreen;
				INFOPLIST_KEY_UISupportedInterfaceOrientations_iPad = "UIInterfaceOrientationPortrait UIInterfaceOrientationPortraitUpsideDown UIInterfaceOrientationLandscapeLeft UIInterfaceOrientationLandscapeRight";
				INFOPLIST_KEY_UISupportedInterfaceOrientations_iPhone = "UIInterfaceOrientationPortrait UIInterfaceOrientationLandscapeLeft UIInterfaceOrientationLandscapeRight";
				LD_RUNPATH_SEARCH_PATHS = (
					"$(inherited)",
					"@executable_path/Frameworks",
				);
				MARKETING_VERSION = 1.0;
				PRODUCT_BUNDLE_IDENTIFIER = com.alejandrodeleonc.tvMazeApp;
				PRODUCT_NAME = "$(TARGET_NAME)";
				SWIFT_EMIT_LOC_STRINGS = YES;
				SWIFT_VERSION = 5.0;
				TARGETED_DEVICE_FAMILY = "1,2";
			};
			name = Release;
		};
		43CA760D2A462EFD00291F4B /* Debug */ = {
			isa = XCBuildConfiguration;
			baseConfigurationReference = 59F0478EF3D176A4B86D0765 /* Pods-tvMazeAppTests.debug.xcconfig */;
			buildSettings = {
				ALWAYS_EMBED_SWIFT_STANDARD_LIBRARIES = YES;
				BUNDLE_LOADER = "$(TEST_HOST)";
				CODE_SIGN_STYLE = Automatic;
				CURRENT_PROJECT_VERSION = 1;
				DEVELOPMENT_TEAM = 2R6A8SD34S;
				GENERATE_INFOPLIST_FILE = YES;
				IPHONEOS_DEPLOYMENT_TARGET = 16.2;
				MARKETING_VERSION = 1.0;
				PRODUCT_BUNDLE_IDENTIFIER = com.alejandrodeleonc.tvMazeAppTests;
				PRODUCT_NAME = "$(TARGET_NAME)";
				SWIFT_EMIT_LOC_STRINGS = NO;
				SWIFT_VERSION = 5.0;
				TARGETED_DEVICE_FAMILY = "1,2";
				TEST_HOST = "$(BUILT_PRODUCTS_DIR)/tvMazeApp.app/$(BUNDLE_EXECUTABLE_FOLDER_PATH)/tvMazeApp";
			};
			name = Debug;
		};
		43CA760E2A462EFD00291F4B /* Release */ = {
			isa = XCBuildConfiguration;
			baseConfigurationReference = B8797EEC54125C0CAE2BF356 /* Pods-tvMazeAppTests.release.xcconfig */;
			buildSettings = {
				ALWAYS_EMBED_SWIFT_STANDARD_LIBRARIES = YES;
				BUNDLE_LOADER = "$(TEST_HOST)";
				CODE_SIGN_STYLE = Automatic;
				CURRENT_PROJECT_VERSION = 1;
				DEVELOPMENT_TEAM = 2R6A8SD34S;
				GENERATE_INFOPLIST_FILE = YES;
				IPHONEOS_DEPLOYMENT_TARGET = 16.2;
				MARKETING_VERSION = 1.0;
				PRODUCT_BUNDLE_IDENTIFIER = com.alejandrodeleonc.tvMazeAppTests;
				PRODUCT_NAME = "$(TARGET_NAME)";
				SWIFT_EMIT_LOC_STRINGS = NO;
				SWIFT_VERSION = 5.0;
				TARGETED_DEVICE_FAMILY = "1,2";
				TEST_HOST = "$(BUILT_PRODUCTS_DIR)/tvMazeApp.app/$(BUNDLE_EXECUTABLE_FOLDER_PATH)/tvMazeApp";
			};
			name = Release;
		};
		43CA76102A462EFD00291F4B /* Debug */ = {
			isa = XCBuildConfiguration;
			baseConfigurationReference = 3F82CF06F48DEAB68ABA899C /* Pods-tvMazeApp-tvMazeAppUITests.debug.xcconfig */;
			buildSettings = {
				ALWAYS_EMBED_SWIFT_STANDARD_LIBRARIES = YES;
				CODE_SIGN_STYLE = Automatic;
				CURRENT_PROJECT_VERSION = 1;
				DEVELOPMENT_TEAM = 2R6A8SD34S;
				GENERATE_INFOPLIST_FILE = YES;
				MARKETING_VERSION = 1.0;
				PRODUCT_BUNDLE_IDENTIFIER = com.alejandrodeleonc.tvMazeAppUITests;
				PRODUCT_NAME = "$(TARGET_NAME)";
				SWIFT_EMIT_LOC_STRINGS = NO;
				SWIFT_VERSION = 5.0;
				TARGETED_DEVICE_FAMILY = "1,2";
				TEST_TARGET_NAME = tvMazeApp;
			};
			name = Debug;
		};
		43CA76112A462EFD00291F4B /* Release */ = {
			isa = XCBuildConfiguration;
			baseConfigurationReference = E287ED6190D1B9D300D6D162 /* Pods-tvMazeApp-tvMazeAppUITests.release.xcconfig */;
			buildSettings = {
				ALWAYS_EMBED_SWIFT_STANDARD_LIBRARIES = YES;
				CODE_SIGN_STYLE = Automatic;
				CURRENT_PROJECT_VERSION = 1;
				DEVELOPMENT_TEAM = 2R6A8SD34S;
				GENERATE_INFOPLIST_FILE = YES;
				MARKETING_VERSION = 1.0;
				PRODUCT_BUNDLE_IDENTIFIER = com.alejandrodeleonc.tvMazeAppUITests;
				PRODUCT_NAME = "$(TARGET_NAME)";
				SWIFT_EMIT_LOC_STRINGS = NO;
				SWIFT_VERSION = 5.0;
				TARGETED_DEVICE_FAMILY = "1,2";
				TEST_TARGET_NAME = tvMazeApp;
			};
			name = Release;
		};
/* End XCBuildConfiguration section */

/* Begin XCConfigurationList section */
		43CA75DA2A462EF900291F4B /* Build configuration list for PBXProject "tvMazeApp" */ = {
			isa = XCConfigurationList;
			buildConfigurations = (
				43CA76072A462EFD00291F4B /* Debug */,
				43CA76082A462EFD00291F4B /* Release */,
			);
			defaultConfigurationIsVisible = 0;
			defaultConfigurationName = Release;
		};
		43CA76092A462EFD00291F4B /* Build configuration list for PBXNativeTarget "tvMazeApp" */ = {
			isa = XCConfigurationList;
			buildConfigurations = (
				43CA760A2A462EFD00291F4B /* Debug */,
				43CA760B2A462EFD00291F4B /* Release */,
			);
			defaultConfigurationIsVisible = 0;
			defaultConfigurationName = Release;
		};
		43CA760C2A462EFD00291F4B /* Build configuration list for PBXNativeTarget "tvMazeAppTests" */ = {
			isa = XCConfigurationList;
			buildConfigurations = (
				43CA760D2A462EFD00291F4B /* Debug */,
				43CA760E2A462EFD00291F4B /* Release */,
			);
			defaultConfigurationIsVisible = 0;
			defaultConfigurationName = Release;
		};
		43CA760F2A462EFD00291F4B /* Build configuration list for PBXNativeTarget "tvMazeAppUITests" */ = {
			isa = XCConfigurationList;
			buildConfigurations = (
				43CA76102A462EFD00291F4B /* Debug */,
				43CA76112A462EFD00291F4B /* Release */,
			);
			defaultConfigurationIsVisible = 0;
			defaultConfigurationName = Release;
		};
/* End XCConfigurationList section */
	};
	rootObject = 43CA75D72A462EF900291F4B /* Project object */;
}
